
Microsoft Visual Studio Solution File, Format Version 12.00
# Visual Studio Version 17
VisualStudioVersion = 17.0.31903.59
MinimumVisualStudioVersion = 10.0.40219.1
Project("{2150E333-8FDC-42A3-9474-1A3956D46DE8}") = "src", "src", "{67AF959B-6FCD-482F-9956-E91C9AB2BA29}"
EndProject
Project("{F2A71F9B-5D33-465A-A702-920D77279786}") = "Server", "src\Server\Server.fsproj", "{850AF6CC-C198-49B3-B34E-8FEB31D0833D}"
EndProject
Project("{F2A71F9B-5D33-465A-A702-920D77279786}") = "Client", "src\Client\Client.fsproj", "{359C02CE-EC97-4347-BD6D-FF6298009575}"
EndProject
Project("{F2A71F9B-5D33-465A-A702-920D77279786}") = "Shared", "src\Shared\Shared.fsproj", "{65E78972-32BD-4EB4-A2B4-97C29863C164}"
EndProject
Global
	GlobalSection(SolutionConfigurationPlatforms) = preSolution
		Debug|Any CPU = Debug|Any CPU
		Release|Any CPU = Release|Any CPU
	EndGlobalSection
	GlobalSection(SolutionProperties) = preSolution
		HideSolutionNode = FALSE
	EndGlobalSection
	GlobalSection(ProjectConfigurationPlatforms) = postSolution
		{850AF6CC-C198-49B3-B34E-8FEB31D0833D}.Debug|Any CPU.ActiveCfg = Debug|Any CPU
		{850AF6CC-C198-49B3-B34E-8FEB31D0833D}.Debug|Any CPU.Build.0 = Debug|Any CPU
		{850AF6CC-C198-49B3-B34E-8FEB31D0833D}.Release|Any CPU.ActiveCfg = Release|Any CPU
		{850AF6CC-C198-49B3-B34E-8FEB31D0833D}.Release|Any CPU.Build.0 = Release|Any CPU
		{359C02CE-EC97-4347-BD6D-FF6298009575}.Debug|Any CPU.ActiveCfg = Debug|Any CPU
		{359C02CE-EC97-4347-BD6D-FF6298009575}.Debug|Any CPU.Build.0 = Debug|Any CPU
		{359C02CE-EC97-4347-BD6D-FF6298009575}.Release|Any CPU.ActiveCfg = Release|Any CPU
		{359C02CE-EC97-4347-BD6D-FF6298009575}.Release|Any CPU.Build.0 = Release|Any CPU
		{65E78972-32BD-4EB4-A2B4-97C29863C164}.Debug|Any CPU.ActiveCfg = Debug|Any CPU
		{65E78972-32BD-4EB4-A2B4-97C29863C164}.Debug|Any CPU.Build.0 = Debug|Any CPU
		{65E78972-32BD-4EB4-A2B4-97C29863C164}.Release|Any CPU.ActiveCfg = Release|Any CPU
		{65E78972-32BD-4EB4-A2B4-97C29863C164}.Release|Any CPU.Build.0 = Release|Any CPU
	EndGlobalSection
	GlobalSection(NestedProjects) = preSolution
		{850AF6CC-C198-49B3-B34E-8FEB31D0833D} = {67AF959B-6FCD-482F-9956-E91C9AB2BA29}
		{359C02CE-EC97-4347-BD6D-FF6298009575} = {67AF959B-6FCD-482F-9956-E91C9AB2BA29}
		{65E78972-32BD-4EB4-A2B4-97C29863C164} = {67AF959B-6FCD-482F-9956-E91C9AB2BA29}
	EndGlobalSection
EndGlobal
